
Microsoft Visual Studio Solution File, Format Version 12.00
# Visual Studio Version 16
VisualStudioVersion = 16.0.32413.511
MinimumVisualStudioVersion = 10.0.40219.1
Project("{FAE04EC0-301F-11D3-BF4B-00C04F79EFBC}") = "ArrayFileAndExceptionHandling", "ArrayFileAndExceptionHandling.csproj", "{ADF0A8C2-E7C5-4431-B33E-690264C14417}"
EndProject
Global
	GlobalSection(SolutionConfigurationPlatforms) = preSolution
		Debug|Any CPU = Debug|Any CPU
		Release|Any CPU = Release|Any CPU
	EndGlobalSection
	GlobalSection(ProjectConfigurationPlatforms) = postSolution
		{ADF0A8C2-E7C5-4431-B33E-690264C14417}.Debug|Any CPU.ActiveCfg = Debug|Any CPU
		{ADF0A8C2-E7C5-4431-B33E-690264C14417}.Debug|Any CPU.Build.0 = Debug|Any CPU
		{ADF0A8C2-E7C5-4431-B33E-690264C14417}.Release|Any CPU.ActiveCfg = Release|Any CPU
		{ADF0A8C2-E7C5-4431-B33E-690264C14417}.Release|Any CPU.Build.0 = Release|Any CPU
	EndGlobalSection
	GlobalSection(SolutionProperties) = preSolution
		HideSolutionNode = FALSE
	EndGlobalSection
	GlobalSection(ExtensibilityGlobals) = postSolution
		SolutionGuid = {3E3DC6CF-C33F-46FC-9A52-7C1174500B2F}
	EndGlobalSection
EndGlobal
