
Microsoft Visual Studio Solution File, Format Version 12.00
# Visual Studio Version 16
VisualStudioVersion = 16.0.32413.511
MinimumVisualStudioVersion = 10.0.40219.1
Project("{FAE04EC0-301F-11D3-BF4B-00C04F79EFBC}") = "Encapsulation", "Encapsulation.csproj", "{5A091888-6537-46AB-8647-95FB6861E4E6}"
EndProject
Global
	GlobalSection(SolutionConfigurationPlatforms) = preSolution
		Debug|Any CPU = Debug|Any CPU
		Release|Any CPU = Release|Any CPU
	EndGlobalSection
	GlobalSection(ProjectConfigurationPlatforms) = postSolution
		{5A091888-6537-46AB-8647-95FB6861E4E6}.Debug|Any CPU.ActiveCfg = Debug|Any CPU
		{5A091888-6537-46AB-8647-95FB6861E4E6}.Debug|Any CPU.Build.0 = Debug|Any CPU
		{5A091888-6537-46AB-8647-95FB6861E4E6}.Release|Any CPU.ActiveCfg = Release|Any CPU
		{5A091888-6537-46AB-8647-95FB6861E4E6}.Release|Any CPU.Build.0 = Release|Any CPU
	EndGlobalSection
	GlobalSection(SolutionProperties) = preSolution
		HideSolutionNode = FALSE
	EndGlobalSection
	GlobalSection(ExtensibilityGlobals) = postSolution
		SolutionGuid = {962EE086-D165-4426-9CB5-498C4662BDE1}
	EndGlobalSection
EndGlobal
