
Microsoft Visual Studio Solution File, Format Version 12.00
# Visual Studio Version 16
VisualStudioVersion = 16.0.32413.511
MinimumVisualStudioVersion = 10.0.40219.1
Project("{FAE04EC0-301F-11D3-BF4B-00C04F79EFBC}") = "StudentDatabaseCSharpDB", "StudentDatabaseCSharpDB.csproj", "{3792712C-5744-4206-9D0B-8D2A0F282F84}"
EndProject
Global
	GlobalSection(SolutionConfigurationPlatforms) = preSolution
		Debug|Any CPU = Debug|Any CPU
		Release|Any CPU = Release|Any CPU
	EndGlobalSection
	GlobalSection(ProjectConfigurationPlatforms) = postSolution
		{3792712C-5744-4206-9D0B-8D2A0F282F84}.Debug|Any CPU.ActiveCfg = Debug|Any CPU
		{3792712C-5744-4206-9D0B-8D2A0F282F84}.Debug|Any CPU.Build.0 = Debug|Any CPU
		{3792712C-5744-4206-9D0B-8D2A0F282F84}.Release|Any CPU.ActiveCfg = Release|Any CPU
		{3792712C-5744-4206-9D0B-8D2A0F282F84}.Release|Any CPU.Build.0 = Release|Any CPU
	EndGlobalSection
	GlobalSection(SolutionProperties) = preSolution
		HideSolutionNode = FALSE
	EndGlobalSection
	GlobalSection(ExtensibilityGlobals) = postSolution
		SolutionGuid = {3D0C0A9F-9C2A-488D-8E32-1E4086E28071}
	EndGlobalSection
EndGlobal
