
Microsoft Visual Studio Solution File, Format Version 12.00
# Visual Studio Version 16
VisualStudioVersion = 16.0.32413.511
MinimumVisualStudioVersion = 10.0.40219.1
Project("{FAE04EC0-301F-11D3-BF4B-00C04F79EFBC}") = "MatrixGrid", "MatrixGrid.csproj", "{0DCC3F73-C9A2-4EA9-B74E-38046D70E9F4}"
EndProject
Global
	GlobalSection(SolutionConfigurationPlatforms) = preSolution
		Debug|Any CPU = Debug|Any CPU
		Release|Any CPU = Release|Any CPU
	EndGlobalSection
	GlobalSection(ProjectConfigurationPlatforms) = postSolution
		{0DCC3F73-C9A2-4EA9-B74E-38046D70E9F4}.Debug|Any CPU.ActiveCfg = Debug|Any CPU
		{0DCC3F73-C9A2-4EA9-B74E-38046D70E9F4}.Debug|Any CPU.Build.0 = Debug|Any CPU
		{0DCC3F73-C9A2-4EA9-B74E-38046D70E9F4}.Release|Any CPU.ActiveCfg = Release|Any CPU
		{0DCC3F73-C9A2-4EA9-B74E-38046D70E9F4}.Release|Any CPU.Build.0 = Release|Any CPU
	EndGlobalSection
	GlobalSection(SolutionProperties) = preSolution
		HideSolutionNode = FALSE
	EndGlobalSection
	GlobalSection(ExtensibilityGlobals) = postSolution
		SolutionGuid = {300DD046-E560-4B67-B361-FD2BA7EBCB0C}
	EndGlobalSection
EndGlobal
